// !$*UTF8*$!
{
	archiveVersion = 1;
	classes = {
	};
	objectVersion = 55;
	objects = {

/* Begin PBXBuildFile section */
		1B908FBE28110C2000DD21AE /* ParadiseOnCombineApp.swift in Sources */ = {isa = PBXBuildFile; fileRef = 1B908FBD28110C2000DD21AE /* ParadiseOnCombineApp.swift */; };
		1B908FC028110C2000DD21AE /* ContentView.swift in Sources */ = {isa = PBXBuildFile; fileRef = 1B908FBF28110C2000DD21AE /* ContentView.swift */; };
		1B908FC228110C2200DD21AE /* Assets.xcassets in Resources */ = {isa = PBXBuildFile; fileRef = 1B908FC128110C2200DD21AE /* Assets.xcassets */; };
		1B908FC528110C2200DD21AE /* Preview Assets.xcassets in Resources */ = {isa = PBXBuildFile; fileRef = 1B908FC428110C2200DD21AE /* Preview Assets.xcassets */; };
		1B908FCC28110C3B00DD21AE /* RepoListView.swift in Sources */ = {isa = PBXBuildFile; fileRef = 1B908FCB28110C3B00DD21AE /* RepoListView.swift */; };
		1B908FCE28110C7600DD21AE /* Repository.swift in Sources */ = {isa = PBXBuildFile; fileRef = 1B908FCD28110C7600DD21AE /* Repository.swift */; };
		1B908FD028110F5F00DD21AE /* RepoViewModel.swift in Sources */ = {isa = PBXBuildFile; fileRef = 1B908FCF28110F5F00DD21AE /* RepoViewModel.swift */; };
		1B908FD22811283D00DD21AE /* RepoView.swift in Sources */ = {isa = PBXBuildFile; fileRef = 1B908FD12811283D00DD21AE /* RepoView.swift */; };
		1B962FCA2846D3140059BCD6 /* ParadiseOnCombineTests.swift in Sources */ = {isa = PBXBuildFile; fileRef = 1B962FC92846D3140059BCD6 /* ParadiseOnCombineTests.swift */; };
		1B962FD22846E6400059BCD6 /* AppDelegate.swift in Sources */ = {isa = PBXBuildFile; fileRef = 1B962FD12846E6400059BCD6 /* AppDelegate.swift */; };
		54033944ED6410D1E4A9FC89 /* Pods_ParadiseOnCombineTests.framework in Frameworks */ = {isa = PBXBuildFile; fileRef = D4669A6BB8F961A6329B104C /* Pods_ParadiseOnCombineTests.framework */; };
		9FF65CC5D57ED20F3C3B4DAC /* Pods_ParadiseOnCombine.framework in Frameworks */ = {isa = PBXBuildFile; fileRef = 340BF9A7A803202374311782 /* Pods_ParadiseOnCombine.framework */; };
/* End PBXBuildFile section */

/* Begin PBXContainerItemProxy section */
		1B962FCB2846D3140059BCD6 /* PBXContainerItemProxy */ = {
			isa = PBXContainerItemProxy;
			containerPortal = 1B908FB228110C2000DD21AE /* Project object */;
			proxyType = 1;
			remoteGlobalIDString = 1B908FB928110C2000DD21AE;
			remoteInfo = ParadiseOnCombine;
		};
/* End PBXContainerItemProxy section */

/* Begin PBXFileReference section */
		0BA07AF4CAB7E2A40938BF7C /* Pods-ParadiseOnCombine.debug.xcconfig */ = {isa = PBXFileReference; includeInIndex = 1; lastKnownFileType = text.xcconfig; name = "Pods-ParadiseOnCombine.debug.xcconfig"; path = "Target Support Files/Pods-ParadiseOnCombine/Pods-ParadiseOnCombine.debug.xcconfig"; sourceTree = "<group>"; };
		1B4135E22860ED7D00C7094A /* Secrets.xcconfig */ = {isa = PBXFileReference; lastKnownFileType = text.xcconfig; path = Secrets.xcconfig; sourceTree = "<group>"; };
		1B6E33FB28492E530097E313 /* Info.plist */ = {isa = PBXFileReference; lastKnownFileType = text.plist; path = Info.plist; sourceTree = "<group>"; };
		1B908FBA28110C2000DD21AE /* ParadiseOnCombine.app */ = {isa = PBXFileReference; explicitFileType = wrapper.application; includeInIndex = 0; path = ParadiseOnCombine.app; sourceTree = BUILT_PRODUCTS_DIR; };
		1B908FBD28110C2000DD21AE /* ParadiseOnCombineApp.swift */ = {isa = PBXFileReference; lastKnownFileType = sourcecode.swift; path = ParadiseOnCombineApp.swift; sourceTree = "<group>"; };
		1B908FBF28110C2000DD21AE /* ContentView.swift */ = {isa = PBXFileReference; lastKnownFileType = sourcecode.swift; path = ContentView.swift; sourceTree = "<group>"; };
		1B908FC128110C2200DD21AE /* Assets.xcassets */ = {isa = PBXFileReference; lastKnownFileType = folder.assetcatalog; path = Assets.xcassets; sourceTree = "<group>"; };
		1B908FC428110C2200DD21AE /* Preview Assets.xcassets */ = {isa = PBXFileReference; lastKnownFileType = folder.assetcatalog; path = "Preview Assets.xcassets"; sourceTree = "<group>"; };
		1B908FCB28110C3B00DD21AE /* RepoListView.swift */ = {isa = PBXFileReference; lastKnownFileType = sourcecode.swift; path = RepoListView.swift; sourceTree = "<group>"; };
		1B908FCD28110C7600DD21AE /* Repository.swift */ = {isa = PBXFileReference; lastKnownFileType = sourcecode.swift; path = Repository.swift; sourceTree = "<group>"; };
		1B908FCF28110F5F00DD21AE /* RepoViewModel.swift */ = {isa = PBXFileReference; lastKnownFileType = sourcecode.swift; path = RepoViewModel.swift; sourceTree = "<group>"; };
		1B908FD12811283D00DD21AE /* RepoView.swift */ = {isa = PBXFileReference; lastKnownFileType = sourcecode.swift; path = RepoView.swift; sourceTree = "<group>"; };
		1B962FC72846D3140059BCD6 /* ParadiseOnCombineTests.xctest */ = {isa = PBXFileReference; explicitFileType = wrapper.cfbundle; includeInIndex = 0; path = ParadiseOnCombineTests.xctest; sourceTree = BUILT_PRODUCTS_DIR; };
		1B962FC92846D3140059BCD6 /* ParadiseOnCombineTests.swift */ = {isa = PBXFileReference; lastKnownFileType = sourcecode.swift; path = ParadiseOnCombineTests.swift; sourceTree = "<group>"; };
		1B962FD12846E6400059BCD6 /* AppDelegate.swift */ = {isa = PBXFileReference; lastKnownFileType = sourcecode.swift; path = AppDelegate.swift; sourceTree = "<group>"; };
		340BF9A7A803202374311782 /* Pods_ParadiseOnCombine.framework */ = {isa = PBXFileReference; explicitFileType = wrapper.framework; includeInIndex = 0; path = Pods_ParadiseOnCombine.framework; sourceTree = BUILT_PRODUCTS_DIR; };
		CF6A4F9365A075FB095E896A /* Pods-ParadiseOnCombineTests.debug.xcconfig */ = {isa = PBXFileReference; includeInIndex = 1; lastKnownFileType = text.xcconfig; name = "Pods-ParadiseOnCombineTests.debug.xcconfig"; path = "Target Support Files/Pods-ParadiseOnCombineTests/Pods-ParadiseOnCombineTests.debug.xcconfig"; sourceTree = "<group>"; };
		D4669A6BB8F961A6329B104C /* Pods_ParadiseOnCombineTests.framework */ = {isa = PBXFileReference; explicitFileType = wrapper.framework; includeInIndex = 0; path = Pods_ParadiseOnCombineTests.framework; sourceTree = BUILT_PRODUCTS_DIR; };
		DA7E94E3CE77CE317AD722EB /* Pods-ParadiseOnCombine.release.xcconfig */ = {isa = PBXFileReference; includeInIndex = 1; lastKnownFileType = text.xcconfig; name = "Pods-ParadiseOnCombine.release.xcconfig"; path = "Target Support Files/Pods-ParadiseOnCombine/Pods-ParadiseOnCombine.release.xcconfig"; sourceTree = "<group>"; };
		DD170B14EC5AB0568DCAC6C6 /* Pods-ParadiseOnCombineTests.release.xcconfig */ = {isa = PBXFileReference; includeInIndex = 1; lastKnownFileType = text.xcconfig; name = "Pods-ParadiseOnCombineTests.release.xcconfig"; path = "Target Support Files/Pods-ParadiseOnCombineTests/Pods-ParadiseOnCombineTests.release.xcconfig"; sourceTree = "<group>"; };
/* End PBXFileReference section */

/* Begin PBXFrameworksBuildPhase section */
		1B908FB728110C2000DD21AE /* Frameworks */ = {
			isa = PBXFrameworksBuildPhase;
			buildActionMask = 2147483647;
			files = (
				9FF65CC5D57ED20F3C3B4DAC /* Pods_ParadiseOnCombine.framework in Frameworks */,
			);
			runOnlyForDeploymentPostprocessing = 0;
		};
		1B962FC42846D3140059BCD6 /* Frameworks */ = {
			isa = PBXFrameworksBuildPhase;
			buildActionMask = 2147483647;
			files = (
				54033944ED6410D1E4A9FC89 /* Pods_ParadiseOnCombineTests.framework in Frameworks */,
			);
			runOnlyForDeploymentPostprocessing = 0;
		};
/* End PBXFrameworksBuildPhase section */

/* Begin PBXGroup section */
		1B908FB128110C2000DD21AE = {
			isa = PBXGroup;
			children = (
				1B4135E22860ED7D00C7094A /* Secrets.xcconfig */,
				1B908FBC28110C2000DD21AE /* ParadiseOnCombine */,
				1B962FC82846D3140059BCD6 /* ParadiseOnCombineTests */,
				1B908FBB28110C2000DD21AE /* Products */,
				21DD1D5F0EFC152FDC840B5C /* Pods */,
				56169799FDF3EF7115780A6E /* Frameworks */,
			);
			sourceTree = "<group>";
		};
		1B908FBB28110C2000DD21AE /* Products */ = {
			isa = PBXGroup;
			children = (
				1B908FBA28110C2000DD21AE /* ParadiseOnCombine.app */,
				1B962FC72846D3140059BCD6 /* ParadiseOnCombineTests.xctest */,
			);
			name = Products;
			sourceTree = "<group>";
		};
		1B908FBC28110C2000DD21AE /* ParadiseOnCombine */ = {
			isa = PBXGroup;
			children = (
				1B6E33FB28492E530097E313 /* Info.plist */,
				1B908FCF28110F5F00DD21AE /* RepoViewModel.swift */,
				1B908FCD28110C7600DD21AE /* Repository.swift */,
				1B908FCB28110C3B00DD21AE /* RepoListView.swift */,
				1B908FBD28110C2000DD21AE /* ParadiseOnCombineApp.swift */,
				1B908FBF28110C2000DD21AE /* ContentView.swift */,
				1B908FC128110C2200DD21AE /* Assets.xcassets */,
				1B908FC328110C2200DD21AE /* Preview Content */,
				1B908FD12811283D00DD21AE /* RepoView.swift */,
				1B962FD12846E6400059BCD6 /* AppDelegate.swift */,
			);
			path = ParadiseOnCombine;
			sourceTree = "<group>";
		};
		1B908FC328110C2200DD21AE /* Preview Content */ = {
			isa = PBXGroup;
			children = (
				1B908FC428110C2200DD21AE /* Preview Assets.xcassets */,
			);
			path = "Preview Content";
			sourceTree = "<group>";
		};
		1B962FC82846D3140059BCD6 /* ParadiseOnCombineTests */ = {
			isa = PBXGroup;
			children = (
				1B962FC92846D3140059BCD6 /* ParadiseOnCombineTests.swift */,
			);
			path = ParadiseOnCombineTests;
			sourceTree = "<group>";
		};
		21DD1D5F0EFC152FDC840B5C /* Pods */ = {
			isa = PBXGroup;
			children = (
				0BA07AF4CAB7E2A40938BF7C /* Pods-ParadiseOnCombine.debug.xcconfig */,
				DA7E94E3CE77CE317AD722EB /* Pods-ParadiseOnCombine.release.xcconfig */,
				CF6A4F9365A075FB095E896A /* Pods-ParadiseOnCombineTests.debug.xcconfig */,
				DD170B14EC5AB0568DCAC6C6 /* Pods-ParadiseOnCombineTests.release.xcconfig */,
			);
			path = Pods;
			sourceTree = "<group>";
		};
		56169799FDF3EF7115780A6E /* Frameworks */ = {
			isa = PBXGroup;
			children = (
				340BF9A7A803202374311782 /* Pods_ParadiseOnCombine.framework */,
				D4669A6BB8F961A6329B104C /* Pods_ParadiseOnCombineTests.framework */,
			);
			name = Frameworks;
			sourceTree = "<group>";
		};
/* End PBXGroup section */

/* Begin PBXNativeTarget section */
		1B908FB928110C2000DD21AE /* ParadiseOnCombine */ = {
			isa = PBXNativeTarget;
			buildConfigurationList = 1B908FC828110C2200DD21AE /* Build configuration list for PBXNativeTarget "ParadiseOnCombine" */;
			buildPhases = (
				266EF17B27C1943175E97827 /* [CP] Check Pods Manifest.lock */,
				1B908FB628110C2000DD21AE /* Sources */,
				1B908FB728110C2000DD21AE /* Frameworks */,
				1B908FB828110C2000DD21AE /* Resources */,
				5F7F84D1D0FEB57C76F03B67 /* [CP] Copy Pods Resources */,
			);
			buildRules = (
			);
			dependencies = (
			);
			name = ParadiseOnCombine;
			productName = ParadiseOnCombine;
			productReference = 1B908FBA28110C2000DD21AE /* ParadiseOnCombine.app */;
			productType = "com.apple.product-type.application";
		};
		1B962FC62846D3140059BCD6 /* ParadiseOnCombineTests */ = {
			isa = PBXNativeTarget;
			buildConfigurationList = 1B962FCD2846D3140059BCD6 /* Build configuration list for PBXNativeTarget "ParadiseOnCombineTests" */;
			buildPhases = (
				CC30379130458FB28AB77424 /* [CP] Check Pods Manifest.lock */,
				1B962FC32846D3140059BCD6 /* Sources */,
				1B962FC42846D3140059BCD6 /* Frameworks */,
				1B962FC52846D3140059BCD6 /* Resources */,
			);
			buildRules = (
			);
			dependencies = (
				1B962FCC2846D3140059BCD6 /* PBXTargetDependency */,
			);
			name = ParadiseOnCombineTests;
			productName = ParadiseOnCombineTests;
			productReference = 1B962FC72846D3140059BCD6 /* ParadiseOnCombineTests.xctest */;
			productType = "com.apple.product-type.bundle.unit-test";
		};
/* End PBXNativeTarget section */

/* Begin PBXProject section */
		1B908FB228110C2000DD21AE /* Project object */ = {
			isa = PBXProject;
			attributes = {
				BuildIndependentTargetsInParallel = 1;
				LastSwiftUpdateCheck = 1340;
				LastUpgradeCheck = 1330;
				TargetAttributes = {
					1B908FB928110C2000DD21AE = {
						CreatedOnToolsVersion = 13.3.1;
					};
					1B962FC62846D3140059BCD6 = {
						CreatedOnToolsVersion = 13.4;
						TestTargetID = 1B908FB928110C2000DD21AE;
					};
				};
			};
			buildConfigurationList = 1B908FB528110C2000DD21AE /* Build configuration list for PBXProject "ParadiseOnCombine" */;
			compatibilityVersion = "Xcode 13.0";
			developmentRegion = en;
			hasScannedForEncodings = 0;
			knownRegions = (
				en,
				Base,
			);
			mainGroup = 1B908FB128110C2000DD21AE;
			productRefGroup = 1B908FBB28110C2000DD21AE /* Products */;
			projectDirPath = "";
			projectRoot = "";
			targets = (
				1B908FB928110C2000DD21AE /* ParadiseOnCombine */,
				1B962FC62846D3140059BCD6 /* ParadiseOnCombineTests */,
			);
		};
/* End PBXProject section */

/* Begin PBXResourcesBuildPhase section */
		1B908FB828110C2000DD21AE /* Resources */ = {
			isa = PBXResourcesBuildPhase;
			buildActionMask = 2147483647;
			files = (
				1B908FC528110C2200DD21AE /* Preview Assets.xcassets in Resources */,
				1B908FC228110C2200DD21AE /* Assets.xcassets in Resources */,
			);
			runOnlyForDeploymentPostprocessing = 0;
		};
		1B962FC52846D3140059BCD6 /* Resources */ = {
			isa = PBXResourcesBuildPhase;
			buildActionMask = 2147483647;
			files = (
			);
			runOnlyForDeploymentPostprocessing = 0;
		};
/* End PBXResourcesBuildPhase section */

/* Begin PBXShellScriptBuildPhase section */
		266EF17B27C1943175E97827 /* [CP] Check Pods Manifest.lock */ = {
			isa = PBXShellScriptBuildPhase;
			buildActionMask = 2147483647;
			files = (
			);
			inputFileListPaths = (
			);
			inputPaths = (
				"${PODS_PODFILE_DIR_PATH}/Podfile.lock",
				"${PODS_ROOT}/Manifest.lock",
			);
			name = "[CP] Check Pods Manifest.lock";
			outputFileListPaths = (
			);
			outputPaths = (
				"$(DERIVED_FILE_DIR)/Pods-ParadiseOnCombine-checkManifestLockResult.txt",
			);
			runOnlyForDeploymentPostprocessing = 0;
			shellPath = /bin/sh;
			shellScript = "diff \"${PODS_PODFILE_DIR_PATH}/Podfile.lock\" \"${PODS_ROOT}/Manifest.lock\" > /dev/null\nif [ $? != 0 ] ; then\n    # print error to STDERR\n    echo \"error: The sandbox is not in sync with the Podfile.lock. Run 'pod install' or update your CocoaPods installation.\" >&2\n    exit 1\nfi\n# This output is used by Xcode 'outputs' to avoid re-running this script phase.\necho \"SUCCESS\" > \"${SCRIPT_OUTPUT_FILE_0}\"\n";
			showEnvVarsInLog = 0;
		};
		5F7F84D1D0FEB57C76F03B67 /* [CP] Copy Pods Resources */ = {
			isa = PBXShellScriptBuildPhase;
			buildActionMask = 2147483647;
			files = (
			);
			inputFileListPaths = (
				"${PODS_ROOT}/Target Support Files/Pods-ParadiseOnCombine/Pods-ParadiseOnCombine-resources-${CONFIGURATION}-input-files.xcfilelist",
			);
			name = "[CP] Copy Pods Resources";
			outputFileListPaths = (
				"${PODS_ROOT}/Target Support Files/Pods-ParadiseOnCombine/Pods-ParadiseOnCombine-resources-${CONFIGURATION}-output-files.xcfilelist",
			);
			runOnlyForDeploymentPostprocessing = 0;
			shellPath = /bin/sh;
			shellScript = "\"${PODS_ROOT}/Target Support Files/Pods-ParadiseOnCombine/Pods-ParadiseOnCombine-resources.sh\"\n";
			showEnvVarsInLog = 0;
		};
		CC30379130458FB28AB77424 /* [CP] Check Pods Manifest.lock */ = {
			isa = PBXShellScriptBuildPhase;
			buildActionMask = 2147483647;
			files = (
			);
			inputFileListPaths = (
			);
			inputPaths = (
				"${PODS_PODFILE_DIR_PATH}/Podfile.lock",
				"${PODS_ROOT}/Manifest.lock",
			);
			name = "[CP] Check Pods Manifest.lock";
			outputFileListPaths = (
			);
			outputPaths = (
				"$(DERIVED_FILE_DIR)/Pods-ParadiseOnCombineTests-checkManifestLockResult.txt",
			);
			runOnlyForDeploymentPostprocessing = 0;
			shellPath = /bin/sh;
			shellScript = "diff \"${PODS_PODFILE_DIR_PATH}/Podfile.lock\" \"${PODS_ROOT}/Manifest.lock\" > /dev/null\nif [ $? != 0 ] ; then\n    # print error to STDERR\n    echo \"error: The sandbox is not in sync with the Podfile.lock. Run 'pod install' or update your CocoaPods installation.\" >&2\n    exit 1\nfi\n# This output is used by Xcode 'outputs' to avoid re-running this script phase.\necho \"SUCCESS\" > \"${SCRIPT_OUTPUT_FILE_0}\"\n";
			showEnvVarsInLog = 0;
		};
/* End PBXShellScriptBuildPhase section */

/* Begin PBXSourcesBuildPhase section */
		1B908FB628110C2000DD21AE /* Sources */ = {
			isa = PBXSourcesBuildPhase;
			buildActionMask = 2147483647;
			files = (
				1B908FD028110F5F00DD21AE /* RepoViewModel.swift in Sources */,
				1B908FC028110C2000DD21AE /* ContentView.swift in Sources */,
				1B908FCC28110C3B00DD21AE /* RepoListView.swift in Sources */,
				1B908FBE28110C2000DD21AE /* ParadiseOnCombineApp.swift in Sources */,
				1B962FD22846E6400059BCD6 /* AppDelegate.swift in Sources */,
				1B908FD22811283D00DD21AE /* RepoView.swift in Sources */,
				1B908FCE28110C7600DD21AE /* Repository.swift in Sources */,
			);
			runOnlyForDeploymentPostprocessing = 0;
		};
		1B962FC32846D3140059BCD6 /* Sources */ = {
			isa = PBXSourcesBuildPhase;
			buildActionMask = 2147483647;
			files = (
				1B962FCA2846D3140059BCD6 /* ParadiseOnCombineTests.swift in Sources */,
			);
			runOnlyForDeploymentPostprocessing = 0;
		};
/* End PBXSourcesBuildPhase section */

/* Begin PBXTargetDependency section */
		1B962FCC2846D3140059BCD6 /* PBXTargetDependency */ = {
			isa = PBXTargetDependency;
			target = 1B908FB928110C2000DD21AE /* ParadiseOnCombine */;
			targetProxy = 1B962FCB2846D3140059BCD6 /* PBXContainerItemProxy */;
		};
/* End PBXTargetDependency section */

/* Begin XCBuildConfiguration section */
		1B908FC628110C2200DD21AE /* Debug */ = {
			isa = XCBuildConfiguration;
			baseConfigurationReference = 1B4135E22860ED7D00C7094A /* Secrets.xcconfig */;
			buildSettings = {
				ALWAYS_SEARCH_USER_PATHS = NO;
				CLANG_ANALYZER_NONNULL = YES;
				CLANG_ANALYZER_NUMBER_OBJECT_CONVERSION = YES_AGGRESSIVE;
				CLANG_CXX_LANGUAGE_STANDARD = "gnu++17";
				CLANG_ENABLE_MODULES = YES;
				CLANG_ENABLE_OBJC_ARC = YES;
				CLANG_ENABLE_OBJC_WEAK = YES;
				CLANG_WARN_BLOCK_CAPTURE_AUTORELEASING = YES;
				CLANG_WARN_BOOL_CONVERSION = YES;
				CLANG_WARN_COMMA = YES;
				CLANG_WARN_CONSTANT_CONVERSION = YES;
				CLANG_WARN_DEPRECATED_OBJC_IMPLEMENTATIONS = YES;
				CLANG_WARN_DIRECT_OBJC_ISA_USAGE = YES_ERROR;
				CLANG_WARN_DOCUMENTATION_COMMENTS = YES;
				CLANG_WARN_EMPTY_BODY = YES;
				CLANG_WARN_ENUM_CONVERSION = YES;
				CLANG_WARN_INFINITE_RECURSION = YES;
				CLANG_WARN_INT_CONVERSION = YES;
				CLANG_WARN_NON_LITERAL_NULL_CONVERSION = YES;
				CLANG_WARN_OBJC_IMPLICIT_RETAIN_SELF = YES;
				CLANG_WARN_OBJC_LITERAL_CONVERSION = YES;
				CLANG_WARN_OBJC_ROOT_CLASS = YES_ERROR;
				CLANG_WARN_QUOTED_INCLUDE_IN_FRAMEWORK_HEADER = YES;
				CLANG_WARN_RANGE_LOOP_ANALYSIS = YES;
				CLANG_WARN_STRICT_PROTOTYPES = YES;
				CLANG_WARN_SUSPICIOUS_MOVE = YES;
				CLANG_WARN_UNGUARDED_AVAILABILITY = YES_AGGRESSIVE;
				CLANG_WARN_UNREACHABLE_CODE = YES;
				CLANG_WARN__DUPLICATE_METHOD_MATCH = YES;
				COPY_PHASE_STRIP = NO;
				DEBUG_INFORMATION_FORMAT = dwarf;
				ENABLE_STRICT_OBJC_MSGSEND = YES;
				ENABLE_TESTABILITY = YES;
				GCC_C_LANGUAGE_STANDARD = gnu11;
				GCC_DYNAMIC_NO_PIC = NO;
				GCC_NO_COMMON_BLOCKS = YES;
				GCC_OPTIMIZATION_LEVEL = 0;
				GCC_PREPROCESSOR_DEFINITIONS = (
					"DEBUG=1",
					"$(inherited)",
				);
				GCC_WARN_64_TO_32_BIT_CONVERSION = YES;
				GCC_WARN_ABOUT_RETURN_TYPE = YES_ERROR;
				GCC_WARN_UNDECLARED_SELECTOR = YES;
				GCC_WARN_UNINITIALIZED_AUTOS = YES_AGGRESSIVE;
				GCC_WARN_UNUSED_FUNCTION = YES;
				GCC_WARN_UNUSED_VARIABLE = YES;
				IPHONEOS_DEPLOYMENT_TARGET = 14.0;
				MTL_ENABLE_DEBUG_INFO = INCLUDE_SOURCE;
				MTL_FAST_MATH = YES;
				ONLY_ACTIVE_ARCH = YES;
				SDKROOT = iphoneos;
				SWIFT_ACTIVE_COMPILATION_CONDITIONS = DEBUG;
				SWIFT_OPTIMIZATION_LEVEL = "-Onone";
			};
			name = Debug;
		};
		1B908FC728110C2200DD21AE /* Release */ = {
			isa = XCBuildConfiguration;
			baseConfigurationReference = 1B4135E22860ED7D00C7094A /* Secrets.xcconfig */;
			buildSettings = {
				ALWAYS_SEARCH_USER_PATHS = NO;
				CLANG_ANALYZER_NONNULL = YES;
				CLANG_ANALYZER_NUMBER_OBJECT_CONVERSION = YES_AGGRESSIVE;
				CLANG_CXX_LANGUAGE_STANDARD = "gnu++17";
				CLANG_ENABLE_MODULES = YES;
				CLANG_ENABLE_OBJC_ARC = YES;
				CLANG_ENABLE_OBJC_WEAK = YES;
				CLANG_WARN_BLOCK_CAPTURE_AUTORELEASING = YES;
				CLANG_WARN_BOOL_CONVERSION = YES;
				CLANG_WARN_COMMA = YES;
				CLANG_WARN_CONSTANT_CONVERSION = YES;
				CLANG_WARN_DEPRECATED_OBJC_IMPLEMENTATIONS = YES;
				CLANG_WARN_DIRECT_OBJC_ISA_USAGE = YES_ERROR;
				CLANG_WARN_DOCUMENTATION_COMMENTS = YES;
				CLANG_WARN_EMPTY_BODY = YES;
				CLANG_WARN_ENUM_CONVERSION = YES;
				CLANG_WARN_INFINITE_RECURSION = YES;
				CLANG_WARN_INT_CONVERSION = YES;
				CLANG_WARN_NON_LITERAL_NULL_CONVERSION = YES;
				CLANG_WARN_OBJC_IMPLICIT_RETAIN_SELF = YES;
				CLANG_WARN_OBJC_LITERAL_CONVERSION = YES;
				CLANG_WARN_OBJC_ROOT_CLASS = YES_ERROR;
				CLANG_WARN_QUOTED_INCLUDE_IN_FRAMEWORK_HEADER = YES;
				CLANG_WARN_RANGE_LOOP_ANALYSIS = YES;
				CLANG_WARN_STRICT_PROTOTYPES = YES;
				CLANG_WARN_SUSPICIOUS_MOVE = YES;
				CLANG_WARN_UNGUARDED_AVAILABILITY = YES_AGGRESSIVE;
				CLANG_WARN_UNREACHABLE_CODE = YES;
				CLANG_WARN__DUPLICATE_METHOD_MATCH = YES;
				COPY_PHASE_STRIP = NO;
				DEBUG_INFORMATION_FORMAT = "dwarf-with-dsym";
				ENABLE_NS_ASSERTIONS = NO;
				ENABLE_STRICT_OBJC_MSGSEND = YES;
				GCC_C_LANGUAGE_STANDARD = gnu11;
				GCC_NO_COMMON_BLOCKS = YES;
				GCC_WARN_64_TO_32_BIT_CONVERSION = YES;
				GCC_WARN_ABOUT_RETURN_TYPE = YES_ERROR;
				GCC_WARN_UNDECLARED_SELECTOR = YES;
				GCC_WARN_UNINITIALIZED_AUTOS = YES_AGGRESSIVE;
				GCC_WARN_UNUSED_FUNCTION = YES;
				GCC_WARN_UNUSED_VARIABLE = YES;
				IPHONEOS_DEPLOYMENT_TARGET = 14.0;
				MTL_ENABLE_DEBUG_INFO = NO;
				MTL_FAST_MATH = YES;
				SDKROOT = iphoneos;
				SWIFT_COMPILATION_MODE = wholemodule;
				SWIFT_OPTIMIZATION_LEVEL = "-O";
				VALIDATE_PRODUCT = YES;
			};
			name = Release;
		};
		1B908FC928110C2200DD21AE /* Debug */ = {
			isa = XCBuildConfiguration;
			baseConfigurationReference = 0BA07AF4CAB7E2A40938BF7C /* Pods-ParadiseOnCombine.debug.xcconfig */;
			buildSettings = {
				ASSETCATALOG_COMPILER_APPICON_NAME = AppIcon;
				ASSETCATALOG_COMPILER_GLOBAL_ACCENT_COLOR_NAME = AccentColor;
				CODE_SIGN_STYLE = Automatic;
				CURRENT_PROJECT_VERSION = 1;
				DEVELOPMENT_ASSET_PATHS = "\"ParadiseOnCombine/Preview Content\"";
				DEVELOPMENT_TEAM = GYMDP69744;
				ENABLE_PREVIEWS = YES;
				GENERATE_INFOPLIST_FILE = YES;
				INFOPLIST_FILE = ParadiseOnCombine/Info.plist;
				INFOPLIST_KEY_UIApplicationSupportsIndirectInputEvents = YES;
				INFOPLIST_KEY_UILaunchScreen_Generation = YES;
				INFOPLIST_KEY_UISupportedInterfaceOrientations = UIInterfaceOrientationPortrait;
				INFOPLIST_KEY_UISupportedInterfaceOrientations_iPad = "UIInterfaceOrientationPortrait UIInterfaceOrientationPortraitUpsideDown UIInterfaceOrientationLandscapeLeft UIInterfaceOrientationLandscapeRight";
				INFOPLIST_KEY_UISupportedInterfaceOrientations_iPhone = "UIInterfaceOrientationPortrait UIInterfaceOrientationLandscapeLeft UIInterfaceOrientationLandscapeRight";
				IPHONEOS_DEPLOYMENT_TARGET = 14.0;
				LD_RUNPATH_SEARCH_PATHS = (
					"$(inherited)",
					"@executable_path/Frameworks",
				);
				MARKETING_VERSION = 1.0;
				PRODUCT_BUNDLE_IDENTIFIER = com.pazzi.marina.ParadiseOnCombine;
				PRODUCT_NAME = "$(TARGET_NAME)";
				SWIFT_EMIT_LOC_STRINGS = YES;
				SWIFT_VERSION = 5.0;
				TARGETED_DEVICE_FAMILY = 1;
			};
			name = Debug;
		};
		1B908FCA28110C2200DD21AE /* Release */ = {
			isa = XCBuildConfiguration;
			baseConfigurationReference = DA7E94E3CE77CE317AD722EB /* Pods-ParadiseOnCombine.release.xcconfig */;
			buildSettings = {
				ASSETCATALOG_COMPILER_APPICON_NAME = AppIcon;
				ASSETCATALOG_COMPILER_GLOBAL_ACCENT_COLOR_NAME = AccentColor;
				CODE_SIGN_STYLE = Automatic;
				CURRENT_PROJECT_VERSION = 1;
				DEVELOPMENT_ASSET_PATHS = "\"ParadiseOnCombine/Preview Content\"";
				DEVELOPMENT_TEAM = GYMDP69744;
				ENABLE_PREVIEWS = YES;
				GENERATE_INFOPLIST_FILE = YES;
				INFOPLIST_FILE = ParadiseOnCombine/Info.plist;
				INFOPLIST_KEY_UIApplicationSupportsIndirectInputEvents = YES;
				INFOPLIST_KEY_UILaunchScreen_Generation = YES;
				INFOPLIST_KEY_UISupportedInterfaceOrientations = UIInterfaceOrientationPortrait;
				INFOPLIST_KEY_UISupportedInterfaceOrientations_iPad = "UIInterfaceOrientationPortrait UIInterfaceOrientationPortraitUpsideDown UIInterfaceOrientationLandscapeLeft UIInterfaceOrientationLandscapeRight";
				INFOPLIST_KEY_UISupportedInterfaceOrientations_iPhone = "UIInterfaceOrientationPortrait UIInterfaceOrientationLandscapeLeft UIInterfaceOrientationLandscapeRight";
				IPHONEOS_DEPLOYMENT_TARGET = 14.0;
				LD_RUNPATH_SEARCH_PATHS = (
					"$(inherited)",
					"@executable_path/Frameworks",
				);
				MARKETING_VERSION = 1.0;
				PRODUCT_BUNDLE_IDENTIFIER = com.pazzi.marina.ParadiseOnCombine;
				PRODUCT_NAME = "$(TARGET_NAME)";
				SWIFT_EMIT_LOC_STRINGS = YES;
				SWIFT_VERSION = 5.0;
				TARGETED_DEVICE_FAMILY = 1;
			};
			name = Release;
		};
		1B962FCE2846D3140059BCD6 /* Debug */ = {
			isa = XCBuildConfiguration;
			baseConfigurationReference = CF6A4F9365A075FB095E896A /* Pods-ParadiseOnCombineTests.debug.xcconfig */;
			buildSettings = {
				BUNDLE_LOADER = "$(TEST_HOST)";
				CODE_SIGN_STYLE = Automatic;
				CURRENT_PROJECT_VERSION = 1;
				DEVELOPMENT_TEAM = GYMDP69744;
				GENERATE_INFOPLIST_FILE = YES;
				IPHONEOS_DEPLOYMENT_TARGET = 14.0;
				MARKETING_VERSION = 1.0;
				PRODUCT_BUNDLE_IDENTIFIER = com.pazzi.marina.ParadiseOnCombineTests;
				PRODUCT_NAME = "$(TARGET_NAME)";
				SWIFT_EMIT_LOC_STRINGS = NO;
				SWIFT_VERSION = 5.0;
				TARGETED_DEVICE_FAMILY = "1,2";
				TEST_HOST = "$(BUILT_PRODUCTS_DIR)/ParadiseOnCombine.app/ParadiseOnCombine";
			};
			name = Debug;
		};
		1B962FCF2846D3140059BCD6 /* Release */ = {
			isa = XCBuildConfiguration;
			baseConfigurationReference = DD170B14EC5AB0568DCAC6C6 /* Pods-ParadiseOnCombineTests.release.xcconfig */;
			buildSettings = {
				BUNDLE_LOADER = "$(TEST_HOST)";
				CODE_SIGN_STYLE = Automatic;
				CURRENT_PROJECT_VERSION = 1;
				DEVELOPMENT_TEAM = GYMDP69744;
				GENERATE_INFOPLIST_FILE = YES;
				IPHONEOS_DEPLOYMENT_TARGET = 14.0;
				MARKETING_VERSION = 1.0;
				PRODUCT_BUNDLE_IDENTIFIER = com.pazzi.marina.ParadiseOnCombineTests;
				PRODUCT_NAME = "$(TARGET_NAME)";
				SWIFT_EMIT_LOC_STRINGS = NO;
				SWIFT_VERSION = 5.0;
				TARGETED_DEVICE_FAMILY = "1,2";
				TEST_HOST = "$(BUILT_PRODUCTS_DIR)/ParadiseOnCombine.app/ParadiseOnCombine";
			};
			name = Release;
		};
/* End XCBuildConfiguration section */

/* Begin XCConfigurationList section */
		1B908FB528110C2000DD21AE /* Build configuration list for PBXProject "ParadiseOnCombine" */ = {
			isa = XCConfigurationList;
			buildConfigurations = (
				1B908FC628110C2200DD21AE /* Debug */,
				1B908FC728110C2200DD21AE /* Release */,
			);
			defaultConfigurationIsVisible = 0;
			defaultConfigurationName = Release;
		};
		1B908FC828110C2200DD21AE /* Build configuration list for PBXNativeTarget "ParadiseOnCombine" */ = {
			isa = XCConfigurationList;
			buildConfigurations = (
				1B908FC928110C2200DD21AE /* Debug */,
				1B908FCA28110C2200DD21AE /* Release */,
			);
			defaultConfigurationIsVisible = 0;
			defaultConfigurationName = Release;
		};
		1B962FCD2846D3140059BCD6 /* Build configuration list for PBXNativeTarget "ParadiseOnCombineTests" */ = {
			isa = XCConfigurationList;
			buildConfigurations = (
				1B962FCE2846D3140059BCD6 /* Debug */,
				1B962FCF2846D3140059BCD6 /* Release */,
			);
			defaultConfigurationIsVisible = 0;
			defaultConfigurationName = Release;
		};
/* End XCConfigurationList section */
	};
	rootObject = 1B908FB228110C2000DD21AE /* Project object */;
}
